
Microsoft Visual Studio Solution File, Format Version 12.00
# Visual Studio Version 17
VisualStudioVersion = 17.12.35514.174 d17.12
MinimumVisualStudioVersion = 10.0.40219.1
Project("{FAE04EC0-301F-11D3-BF4B-00C04F79EFBC}") = "TestProject", "TestProject1\TestProject.csproj", "{7F3861C5-FBC5-49C1-8284-D1A99C0CDFAC}"
EndProject
Project("{FAE04EC0-301F-11D3-BF4B-00C04F79EFBC}") = "ApiFramework", "ApiFramework\ApiFramework.csproj", "{27AAB5A6-08F7-42A7-931A-40EA25F8EA39}"
EndProject
Global
	GlobalSection(SolutionConfigurationPlatforms) = preSolution
		Debug|Any CPU = Debug|Any CPU
		Release|Any CPU = Release|Any CPU
	EndGlobalSection
	GlobalSection(ProjectConfigurationPlatforms) = postSolution
		{7F3861C5-FBC5-49C1-8284-D1A99C0CDFAC}.Debug|Any CPU.ActiveCfg = Debug|Any CPU
		{7F3861C5-FBC5-49C1-8284-D1A99C0CDFAC}.Debug|Any CPU.Build.0 = Debug|Any CPU
		{7F3861C5-FBC5-49C1-8284-D1A99C0CDFAC}.Release|Any CPU.ActiveCfg = Release|Any CPU
		{7F3861C5-FBC5-49C1-8284-D1A99C0CDFAC}.Release|Any CPU.Build.0 = Release|Any CPU
		{27AAB5A6-08F7-42A7-931A-40EA25F8EA39}.Debug|Any CPU.ActiveCfg = Debug|Any CPU
		{27AAB5A6-08F7-42A7-931A-40EA25F8EA39}.Debug|Any CPU.Build.0 = Debug|Any CPU
		{27AAB5A6-08F7-42A7-931A-40EA25F8EA39}.Release|Any CPU.ActiveCfg = Release|Any CPU
		{27AAB5A6-08F7-42A7-931A-40EA25F8EA39}.Release|Any CPU.Build.0 = Release|Any CPU
	EndGlobalSection
	GlobalSection(SolutionProperties) = preSolution
		HideSolutionNode = FALSE
	EndGlobalSection
EndGlobal
